
Microsoft Visual Studio Solution File, Format Version 12.00
# Visual Studio 15
VisualStudioVersion = 15.0.28307.572
MinimumVisualStudioVersion = 10.0.40219.1
Project("{FAE04EC0-301F-11D3-BF4B-00C04F79EFBC}") = "Evimiz", "Evimiz\Evimiz.csproj", "{6EFDAA8D-1207-4D17-A1EA-004E33C0F025}"
EndProject
Global
	GlobalSection(SolutionConfigurationPlatforms) = preSolution
		Debug|Any CPU = Debug|Any CPU
		Release|Any CPU = Release|Any CPU
	EndGlobalSection
	GlobalSection(ProjectConfigurationPlatforms) = postSolution
		{6EFDAA8D-1207-4D17-A1EA-004E33C0F025}.Debug|Any CPU.ActiveCfg = Debug|Any CPU
		{6EFDAA8D-1207-4D17-A1EA-004E33C0F025}.Debug|Any CPU.Build.0 = Debug|Any CPU
		{6EFDAA8D-1207-4D17-A1EA-004E33C0F025}.Release|Any CPU.ActiveCfg = Release|Any CPU
		{6EFDAA8D-1207-4D17-A1EA-004E33C0F025}.Release|Any CPU.Build.0 = Release|Any CPU
	EndGlobalSection
	GlobalSection(SolutionProperties) = preSolution
		HideSolutionNode = FALSE
	EndGlobalSection
	GlobalSection(ExtensibilityGlobals) = postSolution
		SolutionGuid = {0632CFF6-81A4-4071-B6FC-38785A119CE6}
	EndGlobalSection
EndGlobal
